// !$*UTF8*$!
{
	archiveVersion = 1;
	classes = {
	};
	objectVersion = 50;
	objects = {

/* Begin PBXBuildFile section */
		23D3525B24EA25DB00F4EA56 /* AppDelegate.swift in Sources */ = {isa = PBXBuildFile; fileRef = 23D3525A24EA25DB00F4EA56 /* AppDelegate.swift */; };
		23D3525D24EA25DB00F4EA56 /* SceneDelegate.swift in Sources */ = {isa = PBXBuildFile; fileRef = 23D3525C24EA25DB00F4EA56 /* SceneDelegate.swift */; };
		23D3525F24EA25DB00F4EA56 /* ViewController.swift in Sources */ = {isa = PBXBuildFile; fileRef = 23D3525E24EA25DB00F4EA56 /* ViewController.swift */; };
		23D3526224EA25DB00F4EA56 /* Main.storyboard in Resources */ = {isa = PBXBuildFile; fileRef = 23D3526024EA25DB00F4EA56 /* Main.storyboard */; };
		23D3526424EA25E000F4EA56 /* Assets.xcassets in Resources */ = {isa = PBXBuildFile; fileRef = 23D3526324EA25E000F4EA56 /* Assets.xcassets */; };
		23D3526724EA25E000F4EA56 /* LaunchScreen.storyboard in Resources */ = {isa = PBXBuildFile; fileRef = 23D3526524EA25E000F4EA56 /* LaunchScreen.storyboard */; };
/* End PBXBuildFile section */

/* Begin PBXFileReference section */
		23D3525724EA25DB00F4EA56 /* TrophyCase.app */ = {isa = PBXFileReference; explicitFileType = wrapper.application; includeInIndex = 0; path = TrophyCase.app; sourceTree = BUILT_PRODUCTS_DIR; };
		23D3525A24EA25DB00F4EA56 /* AppDelegate.swift */ = {isa = PBXFileReference; lastKnownFileType = sourcecode.swift; path = AppDelegate.swift; sourceTree = "<group>"; };
		23D3525C24EA25DB00F4EA56 /* SceneDelegate.swift */ = {isa = PBXFileReference; lastKnownFileType = sourcecode.swift; path = SceneDelegate.swift; sourceTree = "<group>"; };
		23D3525E24EA25DB00F4EA56 /* ViewController.swift */ = {isa = PBXFileReference; lastKnownFileType = sourcecode.swift; path = ViewController.swift; sourceTree = "<group>"; };
		23D3526124EA25DB00F4EA56 /* Base */ = {isa = PBXFileReference; lastKnownFileType = file.storyboard; name = Base; path = Base.lproj/Main.storyboard; sourceTree = "<group>"; };
		23D3526324EA25E000F4EA56 /* Assets.xcassets */ = {isa = PBXFileReference; lastKnownFileType = folder.assetcatalog; path = Assets.xcassets; sourceTree = "<group>"; };
		23D3526624EA25E000F4EA56 /* Base */ = {isa = PBXFileReference; lastKnownFileType = file.storyboard; name = Base; path = Base.lproj/LaunchScreen.storyboard; sourceTree = "<group>"; };
		23D3526824EA25E000F4EA56 /* Info.plist */ = {isa = PBXFileReference; lastKnownFileType = text.plist.xml; path = Info.plist; sourceTree = "<group>"; };
/* End PBXFileReference section */

/* Begin PBXFrameworksBuildPhase section */
		23D3525424EA25DA00F4EA56 /* Frameworks */ = {
			isa = PBXFrameworksBuildPhase;
			buildActionMask = 2147483647;
			files = (
			);
			runOnlyForDeploymentPostprocessing = 0;
		};
/* End PBXFrameworksBuildPhase section */

/* Begin PBXGroup section */
		23D3524E24EA25DA00F4EA56 = {
			isa = PBXGroup;
			children = (
				23D3525924EA25DB00F4EA56 /* TrophyCase */,
				23D3525824EA25DB00F4EA56 /* Products */,
			);
			sourceTree = "<group>";
		};
		23D3525824EA25DB00F4EA56 /* Products */ = {
			isa = PBXGroup;
			children = (
				23D3525724EA25DB00F4EA56 /* TrophyCase.app */,
			);
			name = Products;
			sourceTree = "<group>";
		};
		23D3525924EA25DB00F4EA56 /* TrophyCase */ = {
			isa = PBXGroup;
			children = (
				23D3525A24EA25DB00F4EA56 /* AppDelegate.swift */,
				23D3525C24EA25DB00F4EA56 /* SceneDelegate.swift */,
				23D3525E24EA25DB00F4EA56 /* ViewController.swift */,
				23D3526024EA25DB00F4EA56 /* Main.storyboard */,
				23D3526324EA25E000F4EA56 /* Assets.xcassets */,
				23D3526524EA25E000F4EA56 /* LaunchScreen.storyboard */,
				23D3526824EA25E000F4EA56 /* Info.plist */,
			);
			path = TrophyCase;
			sourceTree = "<group>";
		};
/* End PBXGroup section */

/* Begin PBXNativeTarget section */
		23D3525624EA25DA00F4EA56 /* TrophyCase */ = {
			isa = PBXNativeTarget;
			buildConfigurationList = 23D3526B24EA25E000F4EA56 /* Build configuration list for PBXNativeTarget "TrophyCase" */;
			buildPhases = (
				23D3525324EA25DA00F4EA56 /* Sources */,
				23D3525424EA25DA00F4EA56 /* Frameworks */,
				23D3525524EA25DA00F4EA56 /* Resources */,
			);
			buildRules = (
			);
			dependencies = (
			);
			name = TrophyCase;
			productName = TrophyCase;
			productReference = 23D3525724EA25DB00F4EA56 /* TrophyCase.app */;
			productType = "com.apple.product-type.application";
		};
/* End PBXNativeTarget section */

/* Begin PBXProject section */
		23D3524F24EA25DA00F4EA56 /* Project object */ = {
			isa = PBXProject;
			attributes = {
				LastSwiftUpdateCheck = 1160;
				LastUpgradeCheck = 1160;
				ORGANIZATIONNAME = Jake;
				TargetAttributes = {
					23D3525624EA25DA00F4EA56 = {
						CreatedOnToolsVersion = 11.6;
					};
				};
			};
			buildConfigurationList = 23D3525224EA25DA00F4EA56 /* Build configuration list for PBXProject "TrophyCase" */;
			compatibilityVersion = "Xcode 9.3";
			developmentRegion = en;
			hasScannedForEncodings = 0;
			knownRegions = (
				en,
				Base,
			);
			mainGroup = 23D3524E24EA25DA00F4EA56;
			productRefGroup = 23D3525824EA25DB00F4EA56 /* Products */;
			projectDirPath = "";
			projectRoot = "";
			targets = (
				23D3525624EA25DA00F4EA56 /* TrophyCase */,
			);
		};
/* End PBXProject section */

/* Begin PBXResourcesBuildPhase section */
		23D3525524EA25DA00F4EA56 /* Resources */ = {
			isa = PBXResourcesBuildPhase;
			buildActionMask = 2147483647;
			files = (
				23D3526724EA25E000F4EA56 /* LaunchScreen.storyboard in Resources */,
				23D3526424EA25E000F4EA56 /* Assets.xcassets in Resources */,
				23D3526224EA25DB00F4EA56 /* Main.storyboard in Resources */,
			);
			runOnlyForDeploymentPostprocessing = 0;
		};
/* End PBXResourcesBuildPhase section */

/* Begin PBXSourcesBuildPhase section */
		23D3525324EA25DA00F4EA56 /* Sources */ = {
			isa = PBXSourcesBuildPhase;
			buildActionMask = 2147483647;
			files = (
				23D3525F24EA25DB00F4EA56 /* ViewController.swift in Sources */,
				23D3525B24EA25DB00F4EA56 /* AppDelegate.swift in Sources */,
				23D3525D24EA25DB00F4EA56 /* SceneDelegate.swift in Sources */,
			);
			runOnlyForDeploymentPostprocessing = 0;
		};
/* End PBXSourcesBuildPhase section */

/* Begin PBXVariantGroup section */
		23D3526024EA25DB00F4EA56 /* Main.storyboard */ = {
			isa = PBXVariantGroup;
			children = (
				23D3526124EA25DB00F4EA56 /* Base */,
			);
			name = Main.storyboard;
			sourceTree = "<group>";
		};
		23D3526524EA25E000F4EA56 /* LaunchScreen.storyboard */ = {
			isa = PBXVariantGroup;
			children = (
				23D3526624EA25E000F4EA56 /* Base */,
			);
			name = LaunchScreen.storyboard;
			sourceTree = "<group>";
		};
/* End PBXVariantGroup section */

/* Begin XCBuildConfiguration section */
		23D3526924EA25E000F4EA56 /* Debug */ = {
			isa = XCBuildConfiguration;
			buildSettings = {
				ALWAYS_SEARCH_USER_PATHS = NO;
				CLANG_ANALYZER_NONNULL = YES;
				CLANG_ANALYZER_NUMBER_OBJECT_CONVERSION = YES_AGGRESSIVE;
				CLANG_CXX_LANGUAGE_STANDARD = "gnu++14";
				CLANG_CXX_LIBRARY = "libc++";
				CLANG_ENABLE_MODULES = YES;
				CLANG_ENABLE_OBJC_ARC = YES;
				CLANG_ENABLE_OBJC_WEAK = YES;
				CLANG_WARN_BLOCK_CAPTURE_AUTORELEASING = YES;
				CLANG_WARN_BOOL_CONVERSION = YES;
				CLANG_WARN_COMMA = YES;
				CLANG_WARN_CONSTANT_CONVERSION = YES;
				CLANG_WARN_DEPRECATED_OBJC_IMPLEMENTATIONS = YES;
				CLANG_WARN_DIRECT_OBJC_ISA_USAGE = YES_ERROR;
				CLANG_WARN_DOCUMENTATION_COMMENTS = YES;
				CLANG_WARN_EMPTY_BODY = YES;
				CLANG_WARN_ENUM_CONVERSION = YES;
				CLANG_WARN_INFINITE_RECURSION = YES;
				CLANG_WARN_INT_CONVERSION = YES;
				CLANG_WARN_NON_LITERAL_NULL_CONVERSION = YES;
				CLANG_WARN_OBJC_IMPLICIT_RETAIN_SELF = YES;
				CLANG_WARN_OBJC_LITERAL_CONVERSION = YES;
				CLANG_WARN_OBJC_ROOT_CLASS = YES_ERROR;
				CLANG_WARN_RANGE_LOOP_ANALYSIS = YES;
				CLANG_WARN_STRICT_PROTOTYPES = YES;
				CLANG_WARN_SUSPICIOUS_MOVE = YES;
				CLANG_WARN_UNGUARDED_AVAILABILITY = YES_AGGRESSIVE;
				CLANG_WARN_UNREACHABLE_CODE = YES;
				CLANG_WARN__DUPLICATE_METHOD_MATCH = YES;
				COPY_PHASE_STRIP = NO;
				DEBUG_INFORMATION_FORMAT = dwarf;
				ENABLE_STRICT_OBJC_MSGSEND = YES;
				ENABLE_TESTABILITY = YES;
				GCC_C_LANGUAGE_STANDARD = gnu11;
				GCC_DYNAMIC_NO_PIC = NO;
				GCC_NO_COMMON_BLOCKS = YES;
				GCC_OPTIMIZATION_LEVEL = 0;
				GCC_PREPROCESSOR_DEFINITIONS = (
					"DEBUG=1",
					"$(inherited)",
				);
				GCC_WARN_64_TO_32_BIT_CONVERSION = YES;
				GCC_WARN_ABOUT_RETURN_TYPE = YES_ERROR;
				GCC_WARN_UNDECLARED_SELECTOR = YES;
				GCC_WARN_UNINITIALIZED_AUTOS = YES_AGGRESSIVE;
				GCC_WARN_UNUSED_FUNCTION = YES;
				GCC_WARN_UNUSED_VARIABLE = YES;
				IPHONEOS_DEPLOYMENT_TARGET = 13.6;
				MTL_ENABLE_DEBUG_INFO = INCLUDE_SOURCE;
				MTL_FAST_MATH = YES;
				ONLY_ACTIVE_ARCH = YES;
				SDKROOT = iphoneos;
				SWIFT_ACTIVE_COMPILATION_CONDITIONS = DEBUG;
				SWIFT_OPTIMIZATION_LEVEL = "-Onone";
			};
			name = Debug;
		};
		23D3526A24EA25E000F4EA56 /* Release */ = {
			isa = XCBuildConfiguration;
			buildSettings = {
				ALWAYS_SEARCH_USER_PATHS = NO;
				CLANG_ANALYZER_NONNULL = YES;
				CLANG_ANALYZER_NUMBER_OBJECT_CONVERSION = YES_AGGRESSIVE;
				CLANG_CXX_LANGUAGE_STANDARD = "gnu++14";
				CLANG_CXX_LIBRARY = "libc++";
				CLANG_ENABLE_MODULES = YES;
				CLANG_ENABLE_OBJC_ARC = YES;
				CLANG_ENABLE_OBJC_WEAK = YES;
				CLANG_WARN_BLOCK_CAPTURE_AUTORELEASING = YES;
				CLANG_WARN_BOOL_CONVERSION = YES;
				CLANG_WARN_COMMA = YES;
				CLANG_WARN_CONSTANT_CONVERSION = YES;
				CLANG_WARN_DEPRECATED_OBJC_IMPLEMENTATIONS = YES;
				CLANG_WARN_DIRECT_OBJC_ISA_USAGE = YES_ERROR;
				CLANG_WARN_DOCUMENTATION_COMMENTS = YES;
				CLANG_WARN_EMPTY_BODY = YES;
				CLANG_WARN_ENUM_CONVERSION = YES;
				CLANG_WARN_INFINITE_RECURSION = YES;
				CLANG_WARN_INT_CONVERSION = YES;
				CLANG_WARN_NON_LITERAL_NULL_CONVERSION = YES;
				CLANG_WARN_OBJC_IMPLICIT_RETAIN_SELF = YES;
				CLANG_WARN_OBJC_LITERAL_CONVERSION = YES;
				CLANG_WARN_OBJC_ROOT_CLASS = YES_ERROR;
				CLANG_WARN_RANGE_LOOP_ANALYSIS = YES;
				CLANG_WARN_STRICT_PROTOTYPES = YES;
				CLANG_WARN_SUSPICIOUS_MOVE = YES;
				CLANG_WARN_UNGUARDED_AVAILABILITY = YES_AGGRESSIVE;
				CLANG_WARN_UNREACHABLE_CODE = YES;
				CLANG_WARN__DUPLICATE_METHOD_MATCH = YES;
				COPY_PHASE_STRIP = NO;
				DEBUG_INFORMATION_FORMAT = "dwarf-with-dsym";
				ENABLE_NS_ASSERTIONS = NO;
				ENABLE_STRICT_OBJC_MSGSEND = YES;
				GCC_C_LANGUAGE_STANDARD = gnu11;
				GCC_NO_COMMON_BLOCKS = YES;
				GCC_WARN_64_TO_32_BIT_CONVERSION = YES;
				GCC_WARN_ABOUT_RETURN_TYPE = YES_ERROR;
				GCC_WARN_UNDECLARED_SELECTOR = YES;
				GCC_WARN_UNINITIALIZED_AUTOS = YES_AGGRESSIVE;
				GCC_WARN_UNUSED_FUNCTION = YES;
				GCC_WARN_UNUSED_VARIABLE = YES;
				IPHONEOS_DEPLOYMENT_TARGET = 13.6;
				MTL_ENABLE_DEBUG_INFO = NO;
				MTL_FAST_MATH = YES;
				SDKROOT = iphoneos;
				SWIFT_COMPILATION_MODE = wholemodule;
				SWIFT_OPTIMIZATION_LEVEL = "-O";
				VALIDATE_PRODUCT = YES;
			};
			name = Release;
		};
		23D3526C24EA25E000F4EA56 /* Debug */ = {
			isa = XCBuildConfiguration;
			buildSettings = {
				ASSETCATALOG_COMPILER_APPICON_NAME = AppIcon;
				CODE_SIGN_STYLE = Automatic;
				INFOPLIST_FILE = TrophyCase/Info.plist;
				LD_RUNPATH_SEARCH_PATHS = (
					"$(inherited)",
					"@executable_path/Frameworks",
				);
				PRODUCT_BUNDLE_IDENTIFIER = com.jakestephens.TrophyCase;
				PRODUCT_NAME = "$(TARGET_NAME)";
				SWIFT_VERSION = 5.0;
				TARGETED_DEVICE_FAMILY = "1,2";
			};
			name = Debug;
		};
		23D3526D24EA25E000F4EA56 /* Release */ = {
			isa = XCBuildConfiguration;
			buildSettings = {
				ASSETCATALOG_COMPILER_APPICON_NAME = AppIcon;
				CODE_SIGN_STYLE = Automatic;
				INFOPLIST_FILE = TrophyCase/Info.plist;
				LD_RUNPATH_SEARCH_PATHS = (
					"$(inherited)",
					"@executable_path/Frameworks",
				);
				PRODUCT_BUNDLE_IDENTIFIER = com.jakestephens.TrophyCase;
				PRODUCT_NAME = "$(TARGET_NAME)";
				SWIFT_VERSION = 5.0;
				TARGETED_DEVICE_FAMILY = "1,2";
			};
			name = Release;
		};
/* End XCBuildConfiguration section */

/* Begin XCConfigurationList section */
		23D3525224EA25DA00F4EA56 /* Build configuration list for PBXProject "TrophyCase" */ = {
			isa = XCConfigurationList;
			buildConfigurations = (
				23D3526924EA25E000F4EA56 /* Debug */,
				23D3526A24EA25E000F4EA56 /* Release */,
			);
			defaultConfigurationIsVisible = 0;
			defaultConfigurationName = Release;
		};
		23D3526B24EA25E000F4EA56 /* Build configuration list for PBXNativeTarget "TrophyCase" */ = {
			isa = XCConfigurationList;
			buildConfigurations = (
				23D3526C24EA25E000F4EA56 /* Debug */,
				23D3526D24EA25E000F4EA56 /* Release */,
			);
			defaultConfigurationIsVisible = 0;
			defaultConfigurationName = Release;
		};
/* End XCConfigurationList section */
	};
	rootObject = 23D3524F24EA25DA00F4EA56 /* Project object */;
}
